
Microsoft Visual Studio Solution File, Format Version 12.00
# Visual Studio Version 17
VisualStudioVersion = 17.7.34009.444
MinimumVisualStudioVersion = 10.0.40219.1
Project("{FAE04EC0-301F-11D3-BF4B-00C04F79EFBC}") = "BlzAntDesignTest", "BlzAntDesignTest\BlzAntDesignTest.csproj", "{0F4263E3-B3D3-4C35-86A8-F5B823815C10}"
EndProject
Global
	GlobalSection(SolutionConfigurationPlatforms) = preSolution
		Debug|Any CPU = Debug|Any CPU
		Release|Any CPU = Release|Any CPU
	EndGlobalSection
	GlobalSection(ProjectConfigurationPlatforms) = postSolution
		{0F4263E3-B3D3-4C35-86A8-F5B823815C10}.Debug|Any CPU.ActiveCfg = Debug|Any CPU
		{0F4263E3-B3D3-4C35-86A8-F5B823815C10}.Debug|Any CPU.Build.0 = Debug|Any CPU
		{0F4263E3-B3D3-4C35-86A8-F5B823815C10}.Release|Any CPU.ActiveCfg = Release|Any CPU
		{0F4263E3-B3D3-4C35-86A8-F5B823815C10}.Release|Any CPU.Build.0 = Release|Any CPU
	EndGlobalSection
	GlobalSection(SolutionProperties) = preSolution
		HideSolutionNode = FALSE
	EndGlobalSection
	GlobalSection(ExtensibilityGlobals) = postSolution
		SolutionGuid = {F9587F00-C133-4813-B786-36740347ADA0}
	EndGlobalSection
EndGlobal
